
Microsoft Visual Studio Solution File, Format Version 12.00
# Visual Studio Version 16
VisualStudioVersion = 16.0.30804.86
MinimumVisualStudioVersion = 10.0.40219.1
Project("{FAE04EC0-301F-11D3-BF4B-00C04F79EFBC}") = "PizzaAndBurgers", "PizzaAndBurgers.csproj", "{5E2CE335-7630-4B92-AC54-8B03FC4E873B}"
EndProject
Global
	GlobalSection(SolutionConfigurationPlatforms) = preSolution
		Debug|Any CPU = Debug|Any CPU
		Release|Any CPU = Release|Any CPU
	EndGlobalSection
	GlobalSection(ProjectConfigurationPlatforms) = postSolution
		{5E2CE335-7630-4B92-AC54-8B03FC4E873B}.Debug|Any CPU.ActiveCfg = Debug|Any CPU
		{5E2CE335-7630-4B92-AC54-8B03FC4E873B}.Debug|Any CPU.Build.0 = Debug|Any CPU
		{5E2CE335-7630-4B92-AC54-8B03FC4E873B}.Release|Any CPU.ActiveCfg = Release|Any CPU
		{5E2CE335-7630-4B92-AC54-8B03FC4E873B}.Release|Any CPU.Build.0 = Release|Any CPU
	EndGlobalSection
	GlobalSection(SolutionProperties) = preSolution
		HideSolutionNode = FALSE
	EndGlobalSection
	GlobalSection(ExtensibilityGlobals) = postSolution
		SolutionGuid = {AEE388BC-CB94-4AE3-9233-C280BD87EC23}
	EndGlobalSection
EndGlobal
